
Microsoft Visual Studio Solution File, Format Version 12.00
# Visual Studio Version 16
VisualStudioVersion = 16.0.31624.102
MinimumVisualStudioVersion = 10.0.40219.1
Project("{FAE04EC0-301F-11D3-BF4B-00C04F79EFBC}") = "ShortestPath.test", "ShortestPath.test\ShortestPath.test.csproj", "{FA2C5867-65BE-4107-AB04-EF102996867E}"
EndProject
Global
	GlobalSection(SolutionConfigurationPlatforms) = preSolution
		Debug|Any CPU = Debug|Any CPU
		Release|Any CPU = Release|Any CPU
	EndGlobalSection
	GlobalSection(ProjectConfigurationPlatforms) = postSolution
		{FA2C5867-65BE-4107-AB04-EF102996867E}.Debug|Any CPU.ActiveCfg = Debug|Any CPU
		{FA2C5867-65BE-4107-AB04-EF102996867E}.Debug|Any CPU.Build.0 = Debug|Any CPU
		{FA2C5867-65BE-4107-AB04-EF102996867E}.Release|Any CPU.ActiveCfg = Release|Any CPU
		{FA2C5867-65BE-4107-AB04-EF102996867E}.Release|Any CPU.Build.0 = Release|Any CPU
	EndGlobalSection
	GlobalSection(SolutionProperties) = preSolution
		HideSolutionNode = FALSE
	EndGlobalSection
	GlobalSection(ExtensibilityGlobals) = postSolution
		SolutionGuid = {44D49846-2218-4632-BF09-69B32681256D}
	EndGlobalSection
EndGlobal
