
Microsoft Visual Studio Solution File, Format Version 12.00
# Visual Studio Version 16
VisualStudioVersion = 16.0.31624.102
MinimumVisualStudioVersion = 10.0.40219.1
Project("{9A19103F-16F7-4668-BE54-9A1E7A4F7556}") = "Shortest Path", "Shortest Path\Shortest Path.csproj", "{B655086F-A0F7-48A0-85B0-87A481FC5545}"
EndProject
Project("{9A19103F-16F7-4668-BE54-9A1E7A4F7556}") = "ShortestPath.test", "..\ShortestPath.test\ShortestPath.test\ShortestPath.test.csproj", "{C136856F-F2D9-47CD-B063-36CBC86927D9}"
EndProject
Global
	GlobalSection(SolutionConfigurationPlatforms) = preSolution
		Debug|Any CPU = Debug|Any CPU
		Release|Any CPU = Release|Any CPU
	EndGlobalSection
	GlobalSection(ProjectConfigurationPlatforms) = postSolution
		{B655086F-A0F7-48A0-85B0-87A481FC5545}.Debug|Any CPU.ActiveCfg = Debug|Any CPU
		{B655086F-A0F7-48A0-85B0-87A481FC5545}.Debug|Any CPU.Build.0 = Debug|Any CPU
		{B655086F-A0F7-48A0-85B0-87A481FC5545}.Release|Any CPU.ActiveCfg = Release|Any CPU
		{B655086F-A0F7-48A0-85B0-87A481FC5545}.Release|Any CPU.Build.0 = Release|Any CPU
		{C136856F-F2D9-47CD-B063-36CBC86927D9}.Debug|Any CPU.ActiveCfg = Debug|Any CPU
		{C136856F-F2D9-47CD-B063-36CBC86927D9}.Debug|Any CPU.Build.0 = Debug|Any CPU
		{C136856F-F2D9-47CD-B063-36CBC86927D9}.Release|Any CPU.ActiveCfg = Release|Any CPU
		{C136856F-F2D9-47CD-B063-36CBC86927D9}.Release|Any CPU.Build.0 = Release|Any CPU
	EndGlobalSection
	GlobalSection(SolutionProperties) = preSolution
		HideSolutionNode = FALSE
	EndGlobalSection
	GlobalSection(ExtensibilityGlobals) = postSolution
		SolutionGuid = {C6260B1F-208F-4643-B2DE-2F4A04BADC04}
	EndGlobalSection
EndGlobal
